
Microsoft Visual Studio Solution File, Format Version 12.00
# Visual Studio Version 16
VisualStudioVersion = 16.0.31829.152
MinimumVisualStudioVersion = 10.0.40219.1
Project("{FAE04EC0-301F-11D3-BF4B-00C04F79EFBC}") = "RoutePlanner", "RoutePlanner\RoutePlanner.csproj", "{5C0E3B49-57EE-4C0C-BE87-D98E7A9599E1}"
EndProject
Global
	GlobalSection(SolutionConfigurationPlatforms) = preSolution
		Debug|Any CPU = Debug|Any CPU
		Release|Any CPU = Release|Any CPU
	EndGlobalSection
	GlobalSection(ProjectConfigurationPlatforms) = postSolution
		{5C0E3B49-57EE-4C0C-BE87-D98E7A9599E1}.Debug|Any CPU.ActiveCfg = Debug|Any CPU
		{5C0E3B49-57EE-4C0C-BE87-D98E7A9599E1}.Debug|Any CPU.Build.0 = Debug|Any CPU
		{5C0E3B49-57EE-4C0C-BE87-D98E7A9599E1}.Release|Any CPU.ActiveCfg = Release|Any CPU
		{5C0E3B49-57EE-4C0C-BE87-D98E7A9599E1}.Release|Any CPU.Build.0 = Release|Any CPU
	EndGlobalSection
	GlobalSection(SolutionProperties) = preSolution
		HideSolutionNode = FALSE
	EndGlobalSection
	GlobalSection(ExtensibilityGlobals) = postSolution
		SolutionGuid = {E089CA93-FA3D-4BBC-A8C0-0C89B76A89B1}
	EndGlobalSection
EndGlobal
